
Microsoft Visual Studio Solution File, Format Version 12.00
# Visual Studio Version 17
VisualStudioVersion = 17.2.32526.322
MinimumVisualStudioVersion = 10.0.40219.1
Project("{FAE04EC0-301F-11D3-BF4B-00C04F79EFBC}") = "WinFormsApp27", "WinFormsApp27\WinFormsApp27.csproj", "{0F09C820-852C-43AA-9216-9E779D59BF71}"
EndProject
Global
	GlobalSection(SolutionConfigurationPlatforms) = preSolution
		Debug|Any CPU = Debug|Any CPU
		Release|Any CPU = Release|Any CPU
	EndGlobalSection
	GlobalSection(ProjectConfigurationPlatforms) = postSolution
		{0F09C820-852C-43AA-9216-9E779D59BF71}.Debug|Any CPU.ActiveCfg = Debug|Any CPU
		{0F09C820-852C-43AA-9216-9E779D59BF71}.Debug|Any CPU.Build.0 = Debug|Any CPU
		{0F09C820-852C-43AA-9216-9E779D59BF71}.Release|Any CPU.ActiveCfg = Release|Any CPU
		{0F09C820-852C-43AA-9216-9E779D59BF71}.Release|Any CPU.Build.0 = Release|Any CPU
	EndGlobalSection
	GlobalSection(SolutionProperties) = preSolution
		HideSolutionNode = FALSE
	EndGlobalSection
	GlobalSection(ExtensibilityGlobals) = postSolution
		SolutionGuid = {22CCA1DB-9D95-49EB-9BB0-4DD75FE60C56}
	EndGlobalSection
EndGlobal
